
Microsoft Visual Studio Solution File, Format Version 12.00
# Visual Studio Version 17
VisualStudioVersion = 17.10.34928.147
MinimumVisualStudioVersion = 10.0.40219.1
Project("{FAE04EC0-301F-11D3-BF4B-00C04F79EFBC}") = "OdeToFood", "OdeToFood\OdeToFood.csproj", "{5028EEBB-3EC4-4A17-9386-E768BFCEFD68}"
EndProject
Global
	GlobalSection(SolutionConfigurationPlatforms) = preSolution
		Debug|Any CPU = Debug|Any CPU
		Release|Any CPU = Release|Any CPU
	EndGlobalSection
	GlobalSection(ProjectConfigurationPlatforms) = postSolution
		{5028EEBB-3EC4-4A17-9386-E768BFCEFD68}.Debug|Any CPU.ActiveCfg = Debug|Any CPU
		{5028EEBB-3EC4-4A17-9386-E768BFCEFD68}.Debug|Any CPU.Build.0 = Debug|Any CPU
		{5028EEBB-3EC4-4A17-9386-E768BFCEFD68}.Release|Any CPU.ActiveCfg = Release|Any CPU
		{5028EEBB-3EC4-4A17-9386-E768BFCEFD68}.Release|Any CPU.Build.0 = Release|Any CPU
	EndGlobalSection
	GlobalSection(SolutionProperties) = preSolution
		HideSolutionNode = FALSE
	EndGlobalSection
	GlobalSection(ExtensibilityGlobals) = postSolution
		SolutionGuid = {4A9C18DF-60A4-48DE-99E1-335A3AD4D952}
	EndGlobalSection
EndGlobal
