
Microsoft Visual Studio Solution File, Format Version 12.00
# Visual Studio Version 17
VisualStudioVersion = 17.10.34928.147
MinimumVisualStudioVersion = 10.0.40219.1
Project("{9A19103F-16F7-4668-BE54-9A1E7A4F7556}") = "OdeToFood", "OdeToFood\OdeToFood.csproj", "{5028EEBB-3EC4-4A17-9386-E768BFCEFD68}"
EndProject
Project("{9A19103F-16F7-4668-BE54-9A1E7A4F7556}") = "OdeToFood.Core", "OdeToFoodCore\OdeToFood.Core.csproj", "{392BDA9B-E915-45A6-A41C-91C4F7B492C0}"
EndProject
Project("{9A19103F-16F7-4668-BE54-9A1E7A4F7556}") = "OdeToFood.Data", "OdeToFood.Data\OdeToFood.Data.csproj", "{2093F261-607D-48E5-BC5D-7BF5C7BFA037}"
EndProject
Global
	GlobalSection(SolutionConfigurationPlatforms) = preSolution
		Debug|Any CPU = Debug|Any CPU
		Release|Any CPU = Release|Any CPU
	EndGlobalSection
	GlobalSection(ProjectConfigurationPlatforms) = postSolution
		{5028EEBB-3EC4-4A17-9386-E768BFCEFD68}.Debug|Any CPU.ActiveCfg = Debug|Any CPU
		{5028EEBB-3EC4-4A17-9386-E768BFCEFD68}.Debug|Any CPU.Build.0 = Debug|Any CPU
		{5028EEBB-3EC4-4A17-9386-E768BFCEFD68}.Release|Any CPU.ActiveCfg = Release|Any CPU
		{5028EEBB-3EC4-4A17-9386-E768BFCEFD68}.Release|Any CPU.Build.0 = Release|Any CPU
		{392BDA9B-E915-45A6-A41C-91C4F7B492C0}.Debug|Any CPU.ActiveCfg = Debug|Any CPU
		{392BDA9B-E915-45A6-A41C-91C4F7B492C0}.Debug|Any CPU.Build.0 = Debug|Any CPU
		{392BDA9B-E915-45A6-A41C-91C4F7B492C0}.Release|Any CPU.ActiveCfg = Release|Any CPU
		{392BDA9B-E915-45A6-A41C-91C4F7B492C0}.Release|Any CPU.Build.0 = Release|Any CPU
		{2093F261-607D-48E5-BC5D-7BF5C7BFA037}.Debug|Any CPU.ActiveCfg = Debug|Any CPU
		{2093F261-607D-48E5-BC5D-7BF5C7BFA037}.Debug|Any CPU.Build.0 = Debug|Any CPU
		{2093F261-607D-48E5-BC5D-7BF5C7BFA037}.Release|Any CPU.ActiveCfg = Release|Any CPU
		{2093F261-607D-48E5-BC5D-7BF5C7BFA037}.Release|Any CPU.Build.0 = Release|Any CPU
	EndGlobalSection
	GlobalSection(SolutionProperties) = preSolution
		HideSolutionNode = FALSE
	EndGlobalSection
	GlobalSection(ExtensibilityGlobals) = postSolution
		SolutionGuid = {4A9C18DF-60A4-48DE-99E1-335A3AD4D952}
	EndGlobalSection
EndGlobal
